
Microsoft Visual Studio Solution File, Format Version 12.00
# Visual Studio Version 17
VisualStudioVersion = 17.1.32328.378
MinimumVisualStudioVersion = 10.0.40219.1
Project("{9092AA53-FB77-4645-B42D-1CCCA6BD08BD}") = "warehouse-Report.Web", "warehouse-Report.Web\warehouse-Report.Web.njsproj", "{CE4BB6D5-9EFA-44EA-8481-F5C9ED8B859C}"
EndProject
Project("{FAE04EC0-301F-11D3-BF4B-00C04F79EFBC}") = "WarehouseReport.Api", "WarehouseReport.Api\WarehouseReport.Api.csproj", "{28195DC8-0CB1-489F-9E59-4808491E9EF2}"
EndProject
Global
	GlobalSection(SolutionConfigurationPlatforms) = preSolution
		Debug|Any CPU = Debug|Any CPU
		Release|Any CPU = Release|Any CPU
	EndGlobalSection
	GlobalSection(ProjectConfigurationPlatforms) = postSolution
		{CE4BB6D5-9EFA-44EA-8481-F5C9ED8B859C}.Debug|Any CPU.ActiveCfg = Debug|Any CPU
		{CE4BB6D5-9EFA-44EA-8481-F5C9ED8B859C}.Debug|Any CPU.Build.0 = Debug|Any CPU
		{CE4BB6D5-9EFA-44EA-8481-F5C9ED8B859C}.Release|Any CPU.ActiveCfg = Release|Any CPU
		{CE4BB6D5-9EFA-44EA-8481-F5C9ED8B859C}.Release|Any CPU.Build.0 = Release|Any CPU
		{28195DC8-0CB1-489F-9E59-4808491E9EF2}.Debug|Any CPU.ActiveCfg = Debug|Any CPU
		{28195DC8-0CB1-489F-9E59-4808491E9EF2}.Debug|Any CPU.Build.0 = Debug|Any CPU
		{28195DC8-0CB1-489F-9E59-4808491E9EF2}.Release|Any CPU.ActiveCfg = Release|Any CPU
		{28195DC8-0CB1-489F-9E59-4808491E9EF2}.Release|Any CPU.Build.0 = Release|Any CPU
	EndGlobalSection
	GlobalSection(SolutionProperties) = preSolution
		HideSolutionNode = FALSE
	EndGlobalSection
	GlobalSection(ExtensibilityGlobals) = postSolution
		SolutionGuid = {C8DE2433-DD30-431A-8305-EDD217BD0B9A}
	EndGlobalSection
EndGlobal
